
# cargo-vet imports lock

[[audits.OpenDevicePartnership.audits.bitfield]]
who = "Felipe Balbi <felipe.balbi@microsoft.com>"
criteria = "safe-to-deploy"
version = "0.13.2"
aggregated-from = "https://raw.githubusercontent.com/OpenDevicePartnership/mcxa-pac/refs/heads/main/supply-chain/audits.toml"

[[audits.OpenDevicePartnership.audits.bitfield]]
who = "Jerry Xie <jerryxie@microsoft.com>"
criteria = "safe-to-deploy"
delta = "0.13.2 -> 0.15.0"
notes = "Delta audit: BitRange/Bit traits split into read-only and mutable variants (BitRangeMut/BitMut); added mask constant generation; clippy fixes; MSRV bump. No unsafe, no build script, no proc macros, no powerful imports. Assisted-by: copilot-cli:claude-opus-4.6 cargo-vet"
aggregated-from = "https://raw.githubusercontent.com/OpenDevicePartnership/embedded-services/refs/heads/main/supply-chain/audits.toml"

[audits.bytecode-alliance.audits]

[audits.google.audits]

[audits.mozilla.audits]
